{
  "name": "scripts-gen",
  "version": "1.0.0",
  "lockfileVersion": 2,
  "requires": true,
  "packages": {
    "": {
      "name": "scripts-gen",
      "version": "1.0.0",
      "license": "ISC",
      "dependencies": {
        "cryptr": "^6.0.2"
      }
    },
    "node_modules/cryptr": {
      "version": "6.0.2",
      "resolved": "https://registry.npmjs.org/cryptr/-/cryptr-6.0.2.tgz",
      "integrity": "sha512-1TRHI4bmuLIB8WgkH9eeYXzhEg1T4tonO4vVaMBKKde8Dre51J68nAgTVXTwMYXAf7+mV2gBCkm/9wksjSb2sA=="
    }
  },
  "dependencies": {
    "cryptr": {
      "version": "6.0.2",
      "resolved": "https://registry.npmjs.org/cryptr/-/cryptr-6.0.2.tgz",
      "integrity": "sha512-1TRHI4bmuLIB8WgkH9eeYXzhEg1T4tonO4vVaMBKKde8Dre51J68nAgTVXTwMYXAf7+mV2gBCkm/9wksjSb2sA=="
    }
  }
}
