# THIS IS AN AUTOGENERATED FILE. DO NOT EDIT THIS FILE DIRECTLY.
# yarn lockfile v1


cryptr@^6.0.2:
  version "6.0.2"
  resolved "https://registry.yarnpkg.com/cryptr/-/cryptr-6.0.2.tgz#3f9e97f825ffb93f425eb24068efbb6a652bf947"
  integrity sha512-1TRHI4bmuLIB8WgkH9eeYXzhEg1T4tonO4vVaMBKKde8Dre51J68nAgTVXTwMYXAf7+mV2gBCkm/9wksjSb2sA==
